
Microsoft Visual Studio Solution File, Format Version 12.00
# Visual Studio 15
VisualStudioVersion = 15.0.27004.2005
MinimumVisualStudioVersion = 10.0.40219.1
Project("{FAE04EC0-301F-11D3-BF4B-00C04F79EFBC}") = "Shell", "Shell\Shell.csproj", "{C34293D4-5AF1-4B0B-9C08-8D6CFB201A97}"
EndProject
Global
	GlobalSection(SolutionConfigurationPlatforms) = preSolution
		Debug|Any CPU = Debug|Any CPU
		Release|Any CPU = Release|Any CPU
	EndGlobalSection
	GlobalSection(ProjectConfigurationPlatforms) = postSolution
		{C34293D4-5AF1-4B0B-9C08-8D6CFB201A97}.Debug|Any CPU.ActiveCfg = Debug|Any CPU
		{C34293D4-5AF1-4B0B-9C08-8D6CFB201A97}.Debug|Any CPU.Build.0 = Debug|Any CPU
		{C34293D4-5AF1-4B0B-9C08-8D6CFB201A97}.Release|Any CPU.ActiveCfg = Release|Any CPU
		{C34293D4-5AF1-4B0B-9C08-8D6CFB201A97}.Release|Any CPU.Build.0 = Release|Any CPU
	EndGlobalSection
	GlobalSection(SolutionProperties) = preSolution
		HideSolutionNode = FALSE
	EndGlobalSection
	GlobalSection(ExtensibilityGlobals) = postSolution
		SolutionGuid = {810287E6-5E84-4FCF-820C-5A764E15331F}
	EndGlobalSection
EndGlobal
